
Microsoft Visual Studio Solution File, Format Version 12.00
# Visual Studio Version 16
VisualStudioVersion = 16.0.30204.135
MinimumVisualStudioVersion = 10.0.40219.1
Project("{FAE04EC0-301F-11D3-BF4B-00C04F79EFBC}") = "PhoneBook", "PhoneBook\PhoneBook.csproj", "{777FFBCC-0443-4DE1-BD76-A4A15D74F46D}"
EndProject
Global
	GlobalSection(SolutionConfigurationPlatforms) = preSolution
		Debug|Any CPU = Debug|Any CPU
		Release|Any CPU = Release|Any CPU
	EndGlobalSection
	GlobalSection(ProjectConfigurationPlatforms) = postSolution
		{777FFBCC-0443-4DE1-BD76-A4A15D74F46D}.Debug|Any CPU.ActiveCfg = Debug|Any CPU
		{777FFBCC-0443-4DE1-BD76-A4A15D74F46D}.Debug|Any CPU.Build.0 = Debug|Any CPU
		{777FFBCC-0443-4DE1-BD76-A4A15D74F46D}.Release|Any CPU.ActiveCfg = Release|Any CPU
		{777FFBCC-0443-4DE1-BD76-A4A15D74F46D}.Release|Any CPU.Build.0 = Release|Any CPU
	EndGlobalSection
	GlobalSection(SolutionProperties) = preSolution
		HideSolutionNode = FALSE
	EndGlobalSection
	GlobalSection(ExtensibilityGlobals) = postSolution
		SolutionGuid = {2834B79A-72F5-4992-A399-C40BFB1CE8B5}
	EndGlobalSection
EndGlobal
